
Microsoft Visual Studio Solution File, Format Version 12.00
Project("{FAE04EC0-301F-11D3-BF4B-00C04F79EFBC}") = "ExceptionsSeminar3", "ExceptionsSeminar3\ExceptionsSeminar3.csproj", "{A89F195A-CA9D-4C8D-931A-97E145F184B8}"
EndProject
Global
	GlobalSection(SolutionConfigurationPlatforms) = preSolution
		Debug|Any CPU = Debug|Any CPU
		Release|Any CPU = Release|Any CPU
	EndGlobalSection
	GlobalSection(ProjectConfigurationPlatforms) = postSolution
		{A89F195A-CA9D-4C8D-931A-97E145F184B8}.Debug|Any CPU.ActiveCfg = Debug|Any CPU
		{A89F195A-CA9D-4C8D-931A-97E145F184B8}.Debug|Any CPU.Build.0 = Debug|Any CPU
		{A89F195A-CA9D-4C8D-931A-97E145F184B8}.Release|Any CPU.ActiveCfg = Release|Any CPU
		{A89F195A-CA9D-4C8D-931A-97E145F184B8}.Release|Any CPU.Build.0 = Release|Any CPU
	EndGlobalSection
EndGlobal
